// !$*UTF8*$!
{
	archiveVersion = 1;
	classes = {
	};
	objectVersion = 46;
	objects = {

/* Begin PBXBuildFile section */
		C31A92F11F111DB5000CF4ED /* main.m in Sources */ = {isa = PBXBuildFile; fileRef = C31A92F01F111DB5000CF4ED /* main.m */; };
		C31A92F41F111DB5000CF4ED /* AppDelegate.m in Sources */ = {isa = PBXBuildFile; fileRef = C31A92F31F111DB5000CF4ED /* AppDelegate.m */; };
		C31A92F71F111DB5000CF4ED /* ViewController.m in Sources */ = {isa = PBXBuildFile; fileRef = C31A92F61F111DB5000CF4ED /* ViewController.m */; };
		C31A92FA1F111DB5000CF4ED /* Main.storyboard in Resources */ = {isa = PBXBuildFile; fileRef = C31A92F81F111DB5000CF4ED /* Main.storyboard */; };
		C31A92FC1F111DB5000CF4ED /* Assets.xcassets in Resources */ = {isa = PBXBuildFile; fileRef = C31A92FB1F111DB5000CF4ED /* Assets.xcassets */; };
		C31A92FF1F111DB5000CF4ED /* LaunchScreen.storyboard in Resources */ = {isa = PBXBuildFile; fileRef = C31A92FD1F111DB5000CF4ED /* LaunchScreen.storyboard */; };
		FF30832F1F14FB6B003FF7F2 /* BIPActionSheet.m in Sources */ = {isa = PBXBuildFile; fileRef = FF30831D1F14FB6B003FF7F2 /* BIPActionSheet.m */; };
		FF3083301F14FB6B003FF7F2 /* BIPActionSheetConstants.m in Sources */ = {isa = PBXBuildFile; fileRef = FF30831F1F14FB6B003FF7F2 /* BIPActionSheetConstants.m */; };
		FF3083311F14FB6B003FF7F2 /* BIPActionSheetItem.m in Sources */ = {isa = PBXBuildFile; fileRef = FF3083211F14FB6B003FF7F2 /* BIPActionSheetItem.m */; };
		FF3083321F14FB6B003FF7F2 /* BIPActionSheetItemView.m in Sources */ = {isa = PBXBuildFile; fileRef = FF3083231F14FB6B003FF7F2 /* BIPActionSheetItemView.m */; };
		FF3083331F14FB6B003FF7F2 /* BIPActionSheetStack.m in Sources */ = {isa = PBXBuildFile; fileRef = FF3083261F14FB6B003FF7F2 /* BIPActionSheetStack.m */; };
		FF3083341F14FB6B003FF7F2 /* UIApplication+BIPActionSheet.m in Sources */ = {isa = PBXBuildFile; fileRef = FF3083281F14FB6B003FF7F2 /* UIApplication+BIPActionSheet.m */; };
		FF3083351F14FB6B003FF7F2 /* UIImage+BIPActionSheet.m in Sources */ = {isa = PBXBuildFile; fileRef = FF30832A1F14FB6B003FF7F2 /* UIImage+BIPActionSheet.m */; };
		FF3083361F14FB6B003FF7F2 /* UIView+BIPActionSheet.m in Sources */ = {isa = PBXBuildFile; fileRef = FF30832C1F14FB6B003FF7F2 /* UIView+BIPActionSheet.m */; };
		FF3083371F14FB6B003FF7F2 /* UIWindow+BIPActionSheet.m in Sources */ = {isa = PBXBuildFile; fileRef = FF30832E1F14FB6B003FF7F2 /* UIWindow+BIPActionSheet.m */; };
/* End PBXBuildFile section */

/* Begin PBXFileReference section */
		C31A92EC1F111DB5000CF4ED /* BIPActionsheet.app */ = {isa = PBXFileReference; explicitFileType = wrapper.application; includeInIndex = 0; path = BIPActionsheet.app; sourceTree = BUILT_PRODUCTS_DIR; };
		C31A92F01F111DB5000CF4ED /* main.m */ = {isa = PBXFileReference; lastKnownFileType = sourcecode.c.objc; path = main.m; sourceTree = "<group>"; };
		C31A92F21F111DB5000CF4ED /* AppDelegate.h */ = {isa = PBXFileReference; lastKnownFileType = sourcecode.c.h; path = AppDelegate.h; sourceTree = "<group>"; };
		C31A92F31F111DB5000CF4ED /* AppDelegate.m */ = {isa = PBXFileReference; lastKnownFileType = sourcecode.c.objc; path = AppDelegate.m; sourceTree = "<group>"; };
		C31A92F51F111DB5000CF4ED /* ViewController.h */ = {isa = PBXFileReference; lastKnownFileType = sourcecode.c.h; path = ViewController.h; sourceTree = "<group>"; };
		C31A92F61F111DB5000CF4ED /* ViewController.m */ = {isa = PBXFileReference; lastKnownFileType = sourcecode.c.objc; path = ViewController.m; sourceTree = "<group>"; };
		C31A92F91F111DB5000CF4ED /* Base */ = {isa = PBXFileReference; lastKnownFileType = file.storyboard; name = Base; path = Base.lproj/Main.storyboard; sourceTree = "<group>"; };
		C31A92FB1F111DB5000CF4ED /* Assets.xcassets */ = {isa = PBXFileReference; lastKnownFileType = folder.assetcatalog; path = Assets.xcassets; sourceTree = "<group>"; };
		C31A92FE1F111DB5000CF4ED /* Base */ = {isa = PBXFileReference; lastKnownFileType = file.storyboard; name = Base; path = Base.lproj/LaunchScreen.storyboard; sourceTree = "<group>"; };
		C31A93001F111DB5000CF4ED /* Info.plist */ = {isa = PBXFileReference; lastKnownFileType = text.plist.xml; path = Info.plist; sourceTree = "<group>"; };
		FF30831C1F14FB6B003FF7F2 /* BIPActionSheet.h */ = {isa = PBXFileReference; fileEncoding = 4; lastKnownFileType = sourcecode.c.h; path = BIPActionSheet.h; sourceTree = "<group>"; };
		FF30831D1F14FB6B003FF7F2 /* BIPActionSheet.m */ = {isa = PBXFileReference; fileEncoding = 4; lastKnownFileType = sourcecode.c.objc; path = BIPActionSheet.m; sourceTree = "<group>"; };
		FF30831E1F14FB6B003FF7F2 /* BIPActionSheetConstants.h */ = {isa = PBXFileReference; fileEncoding = 4; lastKnownFileType = sourcecode.c.h; path = BIPActionSheetConstants.h; sourceTree = "<group>"; };
		FF30831F1F14FB6B003FF7F2 /* BIPActionSheetConstants.m */ = {isa = PBXFileReference; fileEncoding = 4; lastKnownFileType = sourcecode.c.objc; path = BIPActionSheetConstants.m; sourceTree = "<group>"; };
		FF3083201F14FB6B003FF7F2 /* BIPActionSheetItem.h */ = {isa = PBXFileReference; fileEncoding = 4; lastKnownFileType = sourcecode.c.h; path = BIPActionSheetItem.h; sourceTree = "<group>"; };
		FF3083211F14FB6B003FF7F2 /* BIPActionSheetItem.m */ = {isa = PBXFileReference; fileEncoding = 4; lastKnownFileType = sourcecode.c.objc; path = BIPActionSheetItem.m; sourceTree = "<group>"; };
		FF3083221F14FB6B003FF7F2 /* BIPActionSheetItemView.h */ = {isa = PBXFileReference; fileEncoding = 4; lastKnownFileType = sourcecode.c.h; path = BIPActionSheetItemView.h; sourceTree = "<group>"; };
		FF3083231F14FB6B003FF7F2 /* BIPActionSheetItemView.m */ = {isa = PBXFileReference; fileEncoding = 4; lastKnownFileType = sourcecode.c.objc; path = BIPActionSheetItemView.m; sourceTree = "<group>"; };
		FF3083241F14FB6B003FF7F2 /* BIPActionSheetKit.h */ = {isa = PBXFileReference; fileEncoding = 4; lastKnownFileType = sourcecode.c.h; path = BIPActionSheetKit.h; sourceTree = "<group>"; };
		FF3083251F14FB6B003FF7F2 /* BIPActionSheetStack.h */ = {isa = PBXFileReference; fileEncoding = 4; lastKnownFileType = sourcecode.c.h; path = BIPActionSheetStack.h; sourceTree = "<group>"; };
		FF3083261F14FB6B003FF7F2 /* BIPActionSheetStack.m */ = {isa = PBXFileReference; fileEncoding = 4; lastKnownFileType = sourcecode.c.objc; path = BIPActionSheetStack.m; sourceTree = "<group>"; };
		FF3083271F14FB6B003FF7F2 /* UIApplication+BIPActionSheet.h */ = {isa = PBXFileReference; fileEncoding = 4; lastKnownFileType = sourcecode.c.h; path = "UIApplication+BIPActionSheet.h"; sourceTree = "<group>"; };
		FF3083281F14FB6B003FF7F2 /* UIApplication+BIPActionSheet.m */ = {isa = PBXFileReference; fileEncoding = 4; lastKnownFileType = sourcecode.c.objc; path = "UIApplication+BIPActionSheet.m"; sourceTree = "<group>"; };
		FF3083291F14FB6B003FF7F2 /* UIImage+BIPActionSheet.h */ = {isa = PBXFileReference; fileEncoding = 4; lastKnownFileType = sourcecode.c.h; path = "UIImage+BIPActionSheet.h"; sourceTree = "<group>"; };
		FF30832A1F14FB6B003FF7F2 /* UIImage+BIPActionSheet.m */ = {isa = PBXFileReference; fileEncoding = 4; lastKnownFileType = sourcecode.c.objc; path = "UIImage+BIPActionSheet.m"; sourceTree = "<group>"; };
		FF30832B1F14FB6B003FF7F2 /* UIView+BIPActionSheet.h */ = {isa = PBXFileReference; fileEncoding = 4; lastKnownFileType = sourcecode.c.h; path = "UIView+BIPActionSheet.h"; sourceTree = "<group>"; };
		FF30832C1F14FB6B003FF7F2 /* UIView+BIPActionSheet.m */ = {isa = PBXFileReference; fileEncoding = 4; lastKnownFileType = sourcecode.c.objc; path = "UIView+BIPActionSheet.m"; sourceTree = "<group>"; };
		FF30832D1F14FB6B003FF7F2 /* UIWindow+BIPActionSheet.h */ = {isa = PBXFileReference; fileEncoding = 4; lastKnownFileType = sourcecode.c.h; path = "UIWindow+BIPActionSheet.h"; sourceTree = "<group>"; };
		FF30832E1F14FB6B003FF7F2 /* UIWindow+BIPActionSheet.m */ = {isa = PBXFileReference; fileEncoding = 4; lastKnownFileType = sourcecode.c.objc; path = "UIWindow+BIPActionSheet.m"; sourceTree = "<group>"; };
/* End PBXFileReference section */

/* Begin PBXFrameworksBuildPhase section */
		C31A92E91F111DB5000CF4ED /* Frameworks */ = {
			isa = PBXFrameworksBuildPhase;
			buildActionMask = 2147483647;
			files = (
			);
			runOnlyForDeploymentPostprocessing = 0;
		};
/* End PBXFrameworksBuildPhase section */

/* Begin PBXGroup section */
		C31A92E31F111DB5000CF4ED = {
			isa = PBXGroup;
			children = (
				FF30831B1F14FB6B003FF7F2 /* Source */,
				C31A92EE1F111DB5000CF4ED /* BIPActionsheet */,
				C31A92ED1F111DB5000CF4ED /* Products */,
			);
			sourceTree = "<group>";
		};
		C31A92ED1F111DB5000CF4ED /* Products */ = {
			isa = PBXGroup;
			children = (
				C31A92EC1F111DB5000CF4ED /* BIPActionsheet.app */,
			);
			name = Products;
			sourceTree = "<group>";
		};
		C31A92EE1F111DB5000CF4ED /* BIPActionsheet */ = {
			isa = PBXGroup;
			children = (
				C31A92F21F111DB5000CF4ED /* AppDelegate.h */,
				C31A92F31F111DB5000CF4ED /* AppDelegate.m */,
				C31A92F51F111DB5000CF4ED /* ViewController.h */,
				C31A92F61F111DB5000CF4ED /* ViewController.m */,
				C31A92F81F111DB5000CF4ED /* Main.storyboard */,
				C31A92FB1F111DB5000CF4ED /* Assets.xcassets */,
				C31A92FD1F111DB5000CF4ED /* LaunchScreen.storyboard */,
				C31A93001F111DB5000CF4ED /* Info.plist */,
				C31A92EF1F111DB5000CF4ED /* Supporting Files */,
			);
			path = BIPActionsheet;
			sourceTree = "<group>";
		};
		C31A92EF1F111DB5000CF4ED /* Supporting Files */ = {
			isa = PBXGroup;
			children = (
				C31A92F01F111DB5000CF4ED /* main.m */,
			);
			name = "Supporting Files";
			sourceTree = "<group>";
		};
		FF30831B1F14FB6B003FF7F2 /* Source */ = {
			isa = PBXGroup;
			children = (
				FF30831C1F14FB6B003FF7F2 /* BIPActionSheet.h */,
				FF30831D1F14FB6B003FF7F2 /* BIPActionSheet.m */,
				FF30831E1F14FB6B003FF7F2 /* BIPActionSheetConstants.h */,
				FF30831F1F14FB6B003FF7F2 /* BIPActionSheetConstants.m */,
				FF3083201F14FB6B003FF7F2 /* BIPActionSheetItem.h */,
				FF3083211F14FB6B003FF7F2 /* BIPActionSheetItem.m */,
				FF3083221F14FB6B003FF7F2 /* BIPActionSheetItemView.h */,
				FF3083231F14FB6B003FF7F2 /* BIPActionSheetItemView.m */,
				FF3083241F14FB6B003FF7F2 /* BIPActionSheetKit.h */,
				FF3083251F14FB6B003FF7F2 /* BIPActionSheetStack.h */,
				FF3083261F14FB6B003FF7F2 /* BIPActionSheetStack.m */,
				FF3083271F14FB6B003FF7F2 /* UIApplication+BIPActionSheet.h */,
				FF3083281F14FB6B003FF7F2 /* UIApplication+BIPActionSheet.m */,
				FF3083291F14FB6B003FF7F2 /* UIImage+BIPActionSheet.h */,
				FF30832A1F14FB6B003FF7F2 /* UIImage+BIPActionSheet.m */,
				FF30832B1F14FB6B003FF7F2 /* UIView+BIPActionSheet.h */,
				FF30832C1F14FB6B003FF7F2 /* UIView+BIPActionSheet.m */,
				FF30832D1F14FB6B003FF7F2 /* UIWindow+BIPActionSheet.h */,
				FF30832E1F14FB6B003FF7F2 /* UIWindow+BIPActionSheet.m */,
			);
			name = Source;
			path = ../../Source;
			sourceTree = "<group>";
		};
/* End PBXGroup section */

/* Begin PBXNativeTarget section */
		C31A92EB1F111DB5000CF4ED /* BIPActionsheet */ = {
			isa = PBXNativeTarget;
			buildConfigurationList = C31A93031F111DB5000CF4ED /* Build configuration list for PBXNativeTarget "BIPActionsheet" */;
			buildPhases = (
				C31A92E81F111DB5000CF4ED /* Sources */,
				C31A92E91F111DB5000CF4ED /* Frameworks */,
				C31A92EA1F111DB5000CF4ED /* Resources */,
			);
			buildRules = (
			);
			dependencies = (
			);
			name = BIPActionsheet;
			productName = BIPActionsheet;
			productReference = C31A92EC1F111DB5000CF4ED /* BIPActionsheet.app */;
			productType = "com.apple.product-type.application";
		};
/* End PBXNativeTarget section */

/* Begin PBXProject section */
		C31A92E41F111DB5000CF4ED /* Project object */ = {
			isa = PBXProject;
			attributes = {
				LastUpgradeCheck = 0830;
				ORGANIZATIONNAME = TURKCELL;
				TargetAttributes = {
					C31A92EB1F111DB5000CF4ED = {
						CreatedOnToolsVersion = 8.3.2;
						DevelopmentTeam = KUKEJWK3NR;
						ProvisioningStyle = Automatic;
					};
				};
			};
			buildConfigurationList = C31A92E71F111DB5000CF4ED /* Build configuration list for PBXProject "BIPActionsheet" */;
			compatibilityVersion = "Xcode 3.2";
			developmentRegion = English;
			hasScannedForEncodings = 0;
			knownRegions = (
				en,
				Base,
			);
			mainGroup = C31A92E31F111DB5000CF4ED;
			productRefGroup = C31A92ED1F111DB5000CF4ED /* Products */;
			projectDirPath = "";
			projectRoot = "";
			targets = (
				C31A92EB1F111DB5000CF4ED /* BIPActionsheet */,
			);
		};
/* End PBXProject section */

/* Begin PBXResourcesBuildPhase section */
		C31A92EA1F111DB5000CF4ED /* Resources */ = {
			isa = PBXResourcesBuildPhase;
			buildActionMask = 2147483647;
			files = (
				C31A92FF1F111DB5000CF4ED /* LaunchScreen.storyboard in Resources */,
				C31A92FC1F111DB5000CF4ED /* Assets.xcassets in Resources */,
				C31A92FA1F111DB5000CF4ED /* Main.storyboard in Resources */,
			);
			runOnlyForDeploymentPostprocessing = 0;
		};
/* End PBXResourcesBuildPhase section */

/* Begin PBXSourcesBuildPhase section */
		C31A92E81F111DB5000CF4ED /* Sources */ = {
			isa = PBXSourcesBuildPhase;
			buildActionMask = 2147483647;
			files = (
				FF3083331F14FB6B003FF7F2 /* BIPActionSheetStack.m in Sources */,
				C31A92F71F111DB5000CF4ED /* ViewController.m in Sources */,
				FF30832F1F14FB6B003FF7F2 /* BIPActionSheet.m in Sources */,
				FF3083311F14FB6B003FF7F2 /* BIPActionSheetItem.m in Sources */,
				FF3083361F14FB6B003FF7F2 /* UIView+BIPActionSheet.m in Sources */,
				FF3083321F14FB6B003FF7F2 /* BIPActionSheetItemView.m in Sources */,
				C31A92F41F111DB5000CF4ED /* AppDelegate.m in Sources */,
				FF3083371F14FB6B003FF7F2 /* UIWindow+BIPActionSheet.m in Sources */,
				FF3083341F14FB6B003FF7F2 /* UIApplication+BIPActionSheet.m in Sources */,
				FF3083351F14FB6B003FF7F2 /* UIImage+BIPActionSheet.m in Sources */,
				FF3083301F14FB6B003FF7F2 /* BIPActionSheetConstants.m in Sources */,
				C31A92F11F111DB5000CF4ED /* main.m in Sources */,
			);
			runOnlyForDeploymentPostprocessing = 0;
		};
/* End PBXSourcesBuildPhase section */

/* Begin PBXVariantGroup section */
		C31A92F81F111DB5000CF4ED /* Main.storyboard */ = {
			isa = PBXVariantGroup;
			children = (
				C31A92F91F111DB5000CF4ED /* Base */,
			);
			name = Main.storyboard;
			sourceTree = "<group>";
		};
		C31A92FD1F111DB5000CF4ED /* LaunchScreen.storyboard */ = {
			isa = PBXVariantGroup;
			children = (
				C31A92FE1F111DB5000CF4ED /* Base */,
			);
			name = LaunchScreen.storyboard;
			sourceTree = "<group>";
		};
/* End PBXVariantGroup section */

/* Begin XCBuildConfiguration section */
		C31A93011F111DB5000CF4ED /* Debug */ = {
			isa = XCBuildConfiguration;
			buildSettings = {
				ALWAYS_SEARCH_USER_PATHS = NO;
				CLANG_ANALYZER_NONNULL = YES;
				CLANG_ANALYZER_NUMBER_OBJECT_CONVERSION = YES_AGGRESSIVE;
				CLANG_CXX_LANGUAGE_STANDARD = "gnu++0x";
				CLANG_CXX_LIBRARY = "libc++";
				CLANG_ENABLE_MODULES = YES;
				CLANG_ENABLE_OBJC_ARC = YES;
				CLANG_WARN_BOOL_CONVERSION = YES;
				CLANG_WARN_CONSTANT_CONVERSION = YES;
				CLANG_WARN_DIRECT_OBJC_ISA_USAGE = YES_ERROR;
				CLANG_WARN_DOCUMENTATION_COMMENTS = YES;
				CLANG_WARN_EMPTY_BODY = YES;
				CLANG_WARN_ENUM_CONVERSION = YES;
				CLANG_WARN_INFINITE_RECURSION = YES;
				CLANG_WARN_INT_CONVERSION = YES;
				CLANG_WARN_OBJC_ROOT_CLASS = YES_ERROR;
				CLANG_WARN_SUSPICIOUS_MOVE = YES;
				CLANG_WARN_UNREACHABLE_CODE = YES;
				CLANG_WARN__DUPLICATE_METHOD_MATCH = YES;
				"CODE_SIGN_IDENTITY[sdk=iphoneos*]" = "iPhone Developer";
				COPY_PHASE_STRIP = NO;
				DEBUG_INFORMATION_FORMAT = dwarf;
				ENABLE_STRICT_OBJC_MSGSEND = YES;
				ENABLE_TESTABILITY = YES;
				GCC_C_LANGUAGE_STANDARD = gnu99;
				GCC_DYNAMIC_NO_PIC = NO;
				GCC_NO_COMMON_BLOCKS = YES;
				GCC_OPTIMIZATION_LEVEL = 0;
				GCC_PREPROCESSOR_DEFINITIONS = (
					"DEBUG=1",
					"$(inherited)",
				);
				GCC_WARN_64_TO_32_BIT_CONVERSION = YES;
				GCC_WARN_ABOUT_RETURN_TYPE = YES_ERROR;
				GCC_WARN_UNDECLARED_SELECTOR = YES;
				GCC_WARN_UNINITIALIZED_AUTOS = YES_AGGRESSIVE;
				GCC_WARN_UNUSED_FUNCTION = YES;
				GCC_WARN_UNUSED_VARIABLE = YES;
				IPHONEOS_DEPLOYMENT_TARGET = 10.3;
				MTL_ENABLE_DEBUG_INFO = YES;
				ONLY_ACTIVE_ARCH = YES;
				SDKROOT = iphoneos;
				TARGETED_DEVICE_FAMILY = "1,2";
			};
			name = Debug;
		};
		C31A93021F111DB5000CF4ED /* Release */ = {
			isa = XCBuildConfiguration;
			buildSettings = {
				ALWAYS_SEARCH_USER_PATHS = NO;
				CLANG_ANALYZER_NONNULL = YES;
				CLANG_ANALYZER_NUMBER_OBJECT_CONVERSION = YES_AGGRESSIVE;
				CLANG_CXX_LANGUAGE_STANDARD = "gnu++0x";
				CLANG_CXX_LIBRARY = "libc++";
				CLANG_ENABLE_MODULES = YES;
				CLANG_ENABLE_OBJC_ARC = YES;
				CLANG_WARN_BOOL_CONVERSION = YES;
				CLANG_WARN_CONSTANT_CONVERSION = YES;
				CLANG_WARN_DIRECT_OBJC_ISA_USAGE = YES_ERROR;
				CLANG_WARN_DOCUMENTATION_COMMENTS = YES;
				CLANG_WARN_EMPTY_BODY = YES;
				CLANG_WARN_ENUM_CONVERSION = YES;
				CLANG_WARN_INFINITE_RECURSION = YES;
				CLANG_WARN_INT_CONVERSION = YES;
				CLANG_WARN_OBJC_ROOT_CLASS = YES_ERROR;
				CLANG_WARN_SUSPICIOUS_MOVE = YES;
				CLANG_WARN_UNREACHABLE_CODE = YES;
				CLANG_WARN__DUPLICATE_METHOD_MATCH = YES;
				"CODE_SIGN_IDENTITY[sdk=iphoneos*]" = "iPhone Developer";
				COPY_PHASE_STRIP = NO;
				DEBUG_INFORMATION_FORMAT = "dwarf-with-dsym";
				ENABLE_NS_ASSERTIONS = NO;
				ENABLE_STRICT_OBJC_MSGSEND = YES;
				GCC_C_LANGUAGE_STANDARD = gnu99;
				GCC_NO_COMMON_BLOCKS = YES;
				GCC_WARN_64_TO_32_BIT_CONVERSION = YES;
				GCC_WARN_ABOUT_RETURN_TYPE = YES_ERROR;
				GCC_WARN_UNDECLARED_SELECTOR = YES;
				GCC_WARN_UNINITIALIZED_AUTOS = YES_AGGRESSIVE;
				GCC_WARN_UNUSED_FUNCTION = YES;
				GCC_WARN_UNUSED_VARIABLE = YES;
				IPHONEOS_DEPLOYMENT_TARGET = 10.3;
				MTL_ENABLE_DEBUG_INFO = NO;
				SDKROOT = iphoneos;
				TARGETED_DEVICE_FAMILY = "1,2";
				VALIDATE_PRODUCT = YES;
			};
			name = Release;
		};
		C31A93041F111DB5000CF4ED /* Debug */ = {
			isa = XCBuildConfiguration;
			buildSettings = {
				ASSETCATALOG_COMPILER_APPICON_NAME = AppIcon;
				DEVELOPMENT_TEAM = KUKEJWK3NR;
				INFOPLIST_FILE = BIPActionsheet/Info.plist;
				LD_RUNPATH_SEARCH_PATHS = "$(inherited) @executable_path/Frameworks";
				PRODUCT_BUNDLE_IDENTIFIER = com.turkcell.BIPActionsheet;
				PRODUCT_NAME = "$(TARGET_NAME)";
			};
			name = Debug;
		};
		C31A93051F111DB5000CF4ED /* Release */ = {
			isa = XCBuildConfiguration;
			buildSettings = {
				ASSETCATALOG_COMPILER_APPICON_NAME = AppIcon;
				DEVELOPMENT_TEAM = KUKEJWK3NR;
				INFOPLIST_FILE = BIPActionsheet/Info.plist;
				LD_RUNPATH_SEARCH_PATHS = "$(inherited) @executable_path/Frameworks";
				PRODUCT_BUNDLE_IDENTIFIER = com.turkcell.BIPActionsheet;
				PRODUCT_NAME = "$(TARGET_NAME)";
			};
			name = Release;
		};
/* End XCBuildConfiguration section */

/* Begin XCConfigurationList section */
		C31A92E71F111DB5000CF4ED /* Build configuration list for PBXProject "BIPActionsheet" */ = {
			isa = XCConfigurationList;
			buildConfigurations = (
				C31A93011F111DB5000CF4ED /* Debug */,
				C31A93021F111DB5000CF4ED /* Release */,
			);
			defaultConfigurationIsVisible = 0;
			defaultConfigurationName = Release;
		};
		C31A93031F111DB5000CF4ED /* Build configuration list for PBXNativeTarget "BIPActionsheet" */ = {
			isa = XCConfigurationList;
			buildConfigurations = (
				C31A93041F111DB5000CF4ED /* Debug */,
				C31A93051F111DB5000CF4ED /* Release */,
			);
			defaultConfigurationIsVisible = 0;
			defaultConfigurationName = Release;
		};
/* End XCConfigurationList section */
	};
	rootObject = C31A92E41F111DB5000CF4ED /* Project object */;
}
